<?xml version="1.0" encoding="UTF-8" standalone="yes" ?>
<CodeBlocks_project_file>
	<FileVersion major="1" minor="6" />
	<Project>
		<Option title="MiniRPGGameEngine" />
		<Option makefile_is_custom="1" />
		<Option pch_mode="2" />
		<Option compiler="gcc" />
		<Option virtualFolders="Battle System/;Game World System/;Game Code/;Built-In Game Editor System/;SCONS BUILD SCRIPTS/;Game Code/Base Classes/;Dialogue System/;Data Files/;Character Name Entry System/;Game World System/Map Events/;Game World System/Camera/;Game World System/Map Structure/;Game World System/Managers/;Game World System/Map Objects/;Game World System/Tileset/;Battle System/Battle Objects/;Battle System/Scene/;Battle System/Entities/;Battle System/Managers/;Game Configuration/;" />
		<MakeCommands>
			<Build command="scons" />
			<CompileFile command="" />
			<Clean command="scons -c" />
			<DistClean command="" />
		</MakeCommands>
		<Build>
			<Target title="Debug">
				<Option output="bin/debug/48HourFeb2009MiniRPGJamEntry" prefix_auto="1" extension_auto="1" />
				<Option object_output="obj/debug/" />
				<Option type="1" />
				<Option compiler="gcc" />
				<Compiler>
					<Add option="-g" />
				</Compiler>
				<MakeCommands>
					<Build command="scons" />
					<CompileFile command="" />
					<Clean command="scons -c" />
					<DistClean command="" />
				</MakeCommands>
			</Target>
			<Target title="Release">
				<Option output="bin/release/48HourFeb2009MiniRPGJamEntry" prefix_auto="1" extension_auto="1" />
				<Option object_output="obj/release/" />
				<Option type="1" />
				<Option compiler="gcc" />
				<Compiler>
					<Add option="-O2" />
				</Compiler>
				<Linker>
					<Add option="-s" />
				</Linker>
				<MakeCommands>
					<Build command="scons" />
					<CompileFile command="" />
					<Clean command="scons -c" />
					<DistClean command="" />
				</MakeCommands>
			</Target>
		</Build>
		<Compiler>
			<Add option="-Wall" />
		</Compiler>
		<Unit filename="Game.cpp">
			<Option virtualFolder="Game Code/" />
		</Unit>
		<Unit filename="Game.h">
			<Option virtualFolder="Game Code/" />
		</Unit>
		<Unit filename="GameBasicMapWarp.cpp">
			<Option virtualFolder="Game World System/Map Events/" />
		</Unit>
		<Unit filename="GameBasicMapWarp.h">
			<Option virtualFolder="Game World System/Map Events/" />
		</Unit>
		<Unit filename="GameBattle.cpp">
			<Option virtualFolder="Battle System/" />
		</Unit>
		<Unit filename="GameBattle.h">
			<Option virtualFolder="Battle System/" />
		</Unit>
		<Unit filename="GameBattleScene.cpp">
			<Option virtualFolder="Battle System/Scene/" />
		</Unit>
		<Unit filename="GameBattleScene.h">
			<Option virtualFolder="Battle System/Scene/" />
		</Unit>
		<Unit filename="GameBattleSceneManager.cpp">
			<Option virtualFolder="Battle System/Managers/" />
		</Unit>
		<Unit filename="GameBattleSceneManager.h">
			<Option virtualFolder="Battle System/Managers/" />
		</Unit>
		<Unit filename="GameBattleSprite.cpp">
			<Option virtualFolder="Battle System/Battle Objects/" />
		</Unit>
		<Unit filename="GameBattleSprite.h">
			<Option virtualFolder="Battle System/Battle Objects/" />
		</Unit>
		<Unit filename="GameBattleSpriteManager.cpp">
			<Option virtualFolder="Battle System/Managers/" />
		</Unit>
		<Unit filename="GameBattleSpriteManager.h">
			<Option virtualFolder="Battle System/Managers/" />
		</Unit>
		<Unit filename="GameBattle_Initialize.cpp">
			<Option virtualFolder="Battle System/" />
		</Unit>
		<Unit filename="GameBattle_Render.cpp">
			<Option virtualFolder="Battle System/" />
		</Unit>
		<Unit filename="GameBattle_Update.cpp">
			<Option virtualFolder="Battle System/" />
		</Unit>
		<Unit filename="GameCamera.cpp">
			<Option virtualFolder="Game World System/Camera/" />
		</Unit>
		<Unit filename="GameCamera.h">
			<Option virtualFolder="Game World System/Camera/" />
		</Unit>
		<Unit filename="GameDialogueMessage.cpp">
			<Option virtualFolder="Dialogue System/" />
		</Unit>
		<Unit filename="GameDialogueMessage.h">
			<Option virtualFolder="Dialogue System/" />
		</Unit>
		<Unit filename="GameGUIGaugeWidget.cpp">
			<Option virtualFolder="Battle System/Battle Objects/" />
		</Unit>
		<Unit filename="GameGUIGaugeWidget.h">
			<Option virtualFolder="Battle System/Battle Objects/" />
		</Unit>
		<Unit filename="GameLibrary.h">
			<Option virtualFolder="Game Code/" />
		</Unit>
		<Unit filename="GameMap.cpp">
			<Option virtualFolder="Game World System/Map Structure/" />
		</Unit>
		<Unit filename="GameMap.h">
			<Option virtualFolder="Game World System/Map Structure/" />
		</Unit>
		<Unit filename="GameMapEvent.cpp">
			<Option virtualFolder="Game World System/Map Events/" />
		</Unit>
		<Unit filename="GameMapEvent.h">
			<Option virtualFolder="Game World System/Map Events/" />
		</Unit>
		<Unit filename="GameMapEventHandler.h">
			<Option virtualFolder="Game World System/Map Events/" />
		</Unit>
		<Unit filename="GameMapLayer.cpp">
			<Option virtualFolder="Game World System/Map Structure/" />
		</Unit>
		<Unit filename="GameMapLayer.h">
			<Option virtualFolder="Game World System/Map Structure/" />
		</Unit>
		<Unit filename="GameMapManager.cpp">
			<Option virtualFolder="Game World System/Managers/" />
		</Unit>
		<Unit filename="GameMapManager.h">
			<Option virtualFolder="Game World System/Managers/" />
		</Unit>
		<Unit filename="GameMapSprite.cpp">
			<Option virtualFolder="Game World System/Map Objects/" />
		</Unit>
		<Unit filename="GameMapSprite.h">
			<Option virtualFolder="Game World System/Map Objects/" />
		</Unit>
		<Unit filename="GameMapSpriteManager.cpp">
			<Option virtualFolder="Game World System/Managers/" />
		</Unit>
		<Unit filename="GameMapSpriteManager.h">
			<Option virtualFolder="Game World System/Managers/" />
		</Unit>
		<Unit filename="GameMap_Editors.cpp">
			<Option virtualFolder="Built-In Game Editor System/" />
		</Unit>
		<Unit filename="GameMap_Editors.h">
			<Option virtualFolder="Built-In Game Editor System/" />
		</Unit>
		<Unit filename="GameMap_Editors_Render.cpp">
			<Option virtualFolder="Built-In Game Editor System/" />
		</Unit>
		<Unit filename="GameNPC.cpp">
			<Option virtualFolder="Game World System/Map Objects/" />
		</Unit>
		<Unit filename="GameNPC.h">
			<Option virtualFolder="Game World System/Map Objects/" />
		</Unit>
		<Unit filename="GameNPCManager.cpp">
			<Option virtualFolder="Game World System/Managers/" />
		</Unit>
		<Unit filename="GameNPCManager.h">
			<Option virtualFolder="Game World System/Managers/" />
		</Unit>
		<Unit filename="GameNameEntry.cpp">
			<Option virtualFolder="Character Name Entry System/" />
		</Unit>
		<Unit filename="GameNameEntry.h">
			<Option virtualFolder="Character Name Entry System/" />
		</Unit>
		<Unit filename="GameObject.cpp">
			<Option virtualFolder="Game Code/Base Classes/" />
		</Unit>
		<Unit filename="GameObject.h">
			<Option virtualFolder="Game Code/Base Classes/" />
		</Unit>
		<Unit filename="GameSprite.cpp">
			<Option virtualFolder="Game Code/Base Classes/" />
		</Unit>
		<Unit filename="GameSprite.h">
			<Option virtualFolder="Game Code/Base Classes/" />
		</Unit>
		<Unit filename="GameTileset.cpp">
			<Option virtualFolder="Game World System/Tileset/" />
		</Unit>
		<Unit filename="GameTileset.h">
			<Option virtualFolder="Game World System/Tileset/" />
		</Unit>
		<Unit filename="GameTilesetManager.cpp">
			<Option virtualFolder="Game World System/Managers/" />
		</Unit>
		<Unit filename="GameTilesetManager.h">
			<Option virtualFolder="Game World System/Managers/" />
		</Unit>
		<Unit filename="Game_CheckNPCCollisions.cpp">
			<Option virtualFolder="Game Code/" />
		</Unit>
		<Unit filename="Game_Destroy.cpp">
			<Option virtualFolder="Game Code/" />
		</Unit>
		<Unit filename="Game_Dialogue.cpp">
			<Option virtualFolder="Dialogue System/" />
		</Unit>
		<Unit filename="Game_DirectoryManagement.cpp">
			<Option virtualFolder="Game Code/" />
		</Unit>
		<Unit filename="Game_Initialize.cpp">
			<Option virtualFolder="Game Code/" />
		</Unit>
		<Unit filename="Game_Render.cpp">
			<Option virtualFolder="Game Code/" />
		</Unit>
		<Unit filename="Game_Update.cpp">
			<Option virtualFolder="Game Code/" />
		</Unit>
		<Unit filename="Game_WorldLoader.cpp">
			<Option virtualFolder="Game Code/" />
		</Unit>
		<Unit filename="SConstruct">
			<Option virtualFolder="SCONS BUILD SCRIPTS/" />
		</Unit>
		<Unit filename="data/battles/game.battle">
			<Option virtualFolder="Data Files/" />
		</Unit>
		<Unit filename="data/dialogue/generic_female_hello.dialogue">
			<Option virtualFolder="Data Files/" />
		</Unit>
		<Unit filename="data/dialogue/generic_female_hello2.dialogue">
			<Option virtualFolder="Data Files/" />
		</Unit>
		<Unit filename="data/dialogue/generic_female_hello3.dialogue">
			<Option virtualFolder="Data Files/" />
		</Unit>
		<Unit filename="data/dialogue/generic_male_hello.dialogue">
			<Option virtualFolder="Data Files/" />
		</Unit>
		<Unit filename="data/dialogue/jamdemo1_guy1chat1.dialogue">
			<Option virtualFolder="Data Files/" />
		</Unit>
		<Unit filename="data/dialogue/jamdemo1_guy1chat2.dialogue">
			<Option virtualFolder="Data Files/" />
		</Unit>
		<Unit filename="data/dialogue/jamdemo1_guy1chat3.dialogue">
			<Option virtualFolder="Data Files/" />
		</Unit>
		<Unit filename="data/dialogue/jamdemo3_guy1chat1.dialogue">
			<Option virtualFolder="Data Files/" />
		</Unit>
		<Unit filename="data/dialogue/test.dialogue">
			<Option virtualFolder="Data Files/" />
		</Unit>
		<Unit filename="data/events/demo.event">
			<Option virtualFolder="Data Files/" />
		</Unit>
		<Unit filename="data/worlds/game.world">
			<Option virtualFolder="Data Files/" />
		</Unit>
		<Unit filename="game.cfg">
			<Option virtualFolder="Game Configuration/" />
		</Unit>
		<Unit filename="main.cpp">
			<Option virtualFolder="Game Code/" />
		</Unit>
		<Extensions>
			<code_completion />
			<debugger />
		</Extensions>
	</Project>
</CodeBlocks_project_file>
