<?xml version="1.0" encoding="UTF-8" standalone="yes" ?>
<CodeBlocks_project_file>
	<FileVersion major="1" minor="6" />
	<Project>
		<Option title="ged101minimal" />
		<Option pch_mode="2" />
		<Option compiler="gcc" />
		<Option virtualFolders="SCONS BUILD SCRIPTS/;Core/;Core/Graphics/;Core/Debug/;Core/Utility/GUI/;Core/System/;Core/Input/;Core/Utility/Configuration/;Core/Utility/Parsing/;Core/Utility/Time/;Core/Utility/File/;" />
		<Build>
			<Target title="Debug">
				<Option output="libged101minimal" prefix_auto="1" extension_auto="1" />
				<Option working_dir="" />
				<Option object_output="obj/debug/" />
				<Option type="2" />
				<Option compiler="gcc" />
				<Option createDefFile="1" />
				<Compiler>
					<Add option="-Wall" />
					<Add option="-g" />
				</Compiler>
			</Target>
			<Target title="Release">
				<Option output="libged101minimal" prefix_auto="1" extension_auto="1" />
				<Option working_dir="" />
				<Option object_output="obj/release/" />
				<Option type="2" />
				<Option compiler="gcc" />
				<Option createDefFile="1" />
				<Compiler>
					<Add option="-Wall" />
					<Add option="-O2" />
				</Compiler>
				<Linker>
					<Add option="-s" />
				</Linker>
			</Target>
		</Build>
		<Unit filename="SConstruct">
			<Option virtualFolder="SCONS BUILD SCRIPTS/" />
		</Unit>
		<Unit filename="include/BitmapFont.h">
			<Option virtualFolder="Core/Graphics/" />
		</Unit>
		<Unit filename="include/ColorRGB.h">
			<Option virtualFolder="Core/Graphics/" />
		</Unit>
		<Unit filename="include/DebugReport.h">
			<Option virtualFolder="Core/Debug/" />
		</Unit>
		<Unit filename="include/FileUtilities.h">
			<Option virtualFolder="Core/Utility/File/" />
		</Unit>
		<Unit filename="include/GUIListBox.h">
			<Option virtualFolder="Core/Utility/GUI/" />
		</Unit>
		<Unit filename="include/GUIMessageBox.h">
			<Option virtualFolder="Core/Utility/GUI/" />
		</Unit>
		<Unit filename="include/GUITextEntryDialog.h">
			<Option virtualFolder="Core/Utility/GUI/" />
		</Unit>
		<Unit filename="include/GameTimer.h">
			<Option virtualFolder="Core/System/" />
		</Unit>
		<Unit filename="include/GraphicsDevice.h">
			<Option virtualFolder="Core/Graphics/" />
		</Unit>
		<Unit filename="include/ImageList.h">
			<Option virtualFolder="Core/Graphics/" />
		</Unit>
		<Unit filename="include/ImageResource.h">
			<Option virtualFolder="Core/Graphics/" />
		</Unit>
		<Unit filename="include/InputDevice.h">
			<Option virtualFolder="Core/Input/" />
		</Unit>
		<Unit filename="include/NameDirectory.h">
			<Option virtualFolder="Core/System/" />
		</Unit>
		<Unit filename="include/Settings.h">
			<Option virtualFolder="Core/Utility/Configuration/" />
		</Unit>
		<Unit filename="include/StringTokenizer.h">
			<Option virtualFolder="Core/Utility/Parsing/" />
		</Unit>
		<Unit filename="include/TextFileParser.h">
			<Option virtualFolder="Core/Utility/Parsing/" />
		</Unit>
		<Unit filename="include/TimeStamp.h">
			<Option virtualFolder="Core/Utility/Time/" />
		</Unit>
		<Unit filename="include/ged101minimal.h">
			<Option virtualFolder="Core/" />
		</Unit>
		<Unit filename="source/BitmapFont.cpp">
			<Option virtualFolder="Core/Graphics/" />
		</Unit>
		<Unit filename="source/ColorRGB.cpp">
			<Option virtualFolder="Core/Graphics/" />
		</Unit>
		<Unit filename="source/DebugReport.cpp">
			<Option virtualFolder="Core/Debug/" />
		</Unit>
		<Unit filename="source/FileUtilities.cpp">
			<Option virtualFolder="Core/Utility/File/" />
		</Unit>
		<Unit filename="source/GUIListBox.cpp">
			<Option virtualFolder="Core/Utility/GUI/" />
		</Unit>
		<Unit filename="source/GUIMessageBox.cpp">
			<Option virtualFolder="Core/Utility/GUI/" />
		</Unit>
		<Unit filename="source/GUITextEntryDialog.cpp">
			<Option virtualFolder="Core/Utility/GUI/" />
		</Unit>
		<Unit filename="source/GameTimer.cpp">
			<Option virtualFolder="Core/System/" />
		</Unit>
		<Unit filename="source/GraphicsDevice.cpp">
			<Option virtualFolder="Core/Graphics/" />
		</Unit>
		<Unit filename="source/ImageList.cpp">
			<Option virtualFolder="Core/Graphics/" />
		</Unit>
		<Unit filename="source/ImageResource.cpp">
			<Option virtualFolder="Core/Graphics/" />
		</Unit>
		<Unit filename="source/InputDevice.cpp">
			<Option virtualFolder="Core/Input/" />
		</Unit>
		<Unit filename="source/InputDevice_Joystick.cpp">
			<Option virtualFolder="Core/Input/" />
		</Unit>
		<Unit filename="source/InputDevice_Keyboard.cpp">
			<Option virtualFolder="Core/Input/" />
		</Unit>
		<Unit filename="source/InputDevice_Mouse.cpp">
			<Option virtualFolder="Core/Input/" />
		</Unit>
		<Unit filename="source/NameDirectory.cpp">
			<Option virtualFolder="Core/System/" />
		</Unit>
		<Unit filename="source/Settings.cpp">
			<Option virtualFolder="Core/Utility/Configuration/" />
		</Unit>
		<Unit filename="source/StringTokenizer.cpp">
			<Option virtualFolder="Core/Utility/Parsing/" />
		</Unit>
		<Unit filename="source/TextFileParser.cpp">
			<Option virtualFolder="Core/Utility/Parsing/" />
		</Unit>
		<Unit filename="source/TimeStamp.cpp">
			<Option virtualFolder="Core/Utility/Time/" />
		</Unit>
		<Extensions>
			<code_completion />
			<debugger />
		</Extensions>
	</Project>
</CodeBlocks_project_file>
