<?xml version="1.0" encoding="UTF-8" standalone="yes" ?>
<CodeBlocks_project_file>
	<FileVersion major="1" minor="6" />
	<Project>
		<Option title="48HourFeb2009MiniRPGJamEntry" />
		<Option pch_mode="2" />
		<Option compiler="gcc" />
		<Build>
			<Target title="Debug">
				<Option output="bin/debug/48HourFeb2009MiniRPGJamEntry" prefix_auto="1" extension_auto="1" />
				<Option object_output="obj/debug/" />
				<Option type="1" />
				<Option compiler="gcc" />
				<Compiler>
					<Add option="-g" />
				</Compiler>
			</Target>
			<Target title="Release">
				<Option output="bin/release/48HourFeb2009MiniRPGJamEntry" prefix_auto="1" extension_auto="1" />
				<Option object_output="obj/release/" />
				<Option type="1" />
				<Option compiler="gcc" />
				<Compiler>
					<Add option="-O2" />
				</Compiler>
				<Linker>
					<Add option="-s" />
				</Linker>
			</Target>
		</Build>
		<Compiler>
			<Add option="-Wall" />
		</Compiler>
		<Unit filename="Game.cpp" />
		<Unit filename="Game.h" />
		<Unit filename="GameBasicMapWarp.cpp" />
		<Unit filename="GameBasicMapWarp.h" />
		<Unit filename="GameBattle.cpp" />
		<Unit filename="GameBattle.h" />
		<Unit filename="GameBattleSprite.cpp" />
		<Unit filename="GameBattleSprite.h" />
		<Unit filename="GameBattleSpriteManager.cpp" />
		<Unit filename="GameBattleSpriteManager.h" />
		<Unit filename="GameBattle_Initialize.cpp" />
		<Unit filename="GameBattle_Render.cpp" />
		<Unit filename="GameBattle_Update.cpp" />
		<Unit filename="GameCamera.cpp" />
		<Unit filename="GameCamera.h" />
		<Unit filename="GameDialogueMessage.cpp" />
		<Unit filename="GameDialogueMessage.h" />
		<Unit filename="GameGUIGaugeWidget.cpp" />
		<Unit filename="GameGUIGaugeWidget.h" />
		<Unit filename="GameLibrary.h" />
		<Unit filename="GameMap.cpp" />
		<Unit filename="GameMap.h" />
		<Unit filename="GameMapEvent.cpp" />
		<Unit filename="GameMapEvent.h" />
		<Unit filename="GameMapEventHandler.h" />
		<Unit filename="GameMapLayer.cpp" />
		<Unit filename="GameMapLayer.h" />
		<Unit filename="GameMapManager.cpp" />
		<Unit filename="GameMapManager.h" />
		<Unit filename="GameMapSprite.cpp" />
		<Unit filename="GameMapSprite.h" />
		<Unit filename="GameMapSpriteManager.cpp" />
		<Unit filename="GameMapSpriteManager.h" />
		<Unit filename="GameNPC.cpp" />
		<Unit filename="GameNPC.h" />
		<Unit filename="GameNPCManager.cpp" />
		<Unit filename="GameNPCManager.h" />
		<Unit filename="GameNameEntry.cpp" />
		<Unit filename="GameNameEntry.h" />
		<Unit filename="GameObject.cpp" />
		<Unit filename="GameObject.h" />
		<Unit filename="GameSprite.cpp" />
		<Unit filename="GameSprite.h" />
		<Unit filename="GameTileset.cpp" />
		<Unit filename="GameTileset.h" />
		<Unit filename="GameTilesetManager.cpp" />
		<Unit filename="GameTilesetManager.h" />
		<Unit filename="Game_CheckNPCCollisions.cpp" />
		<Unit filename="Game_Destroy.cpp" />
		<Unit filename="Game_Dialogue.cpp" />
		<Unit filename="Game_Initialize.cpp" />
		<Unit filename="Game_Render.cpp" />
		<Unit filename="Game_Starfield.cpp" />
		<Unit filename="Game_Update.cpp" />
		<Unit filename="Game_WorldLoader.cpp" />
		<Unit filename="SConstruct" />
		<Unit filename="data/events/demo.event" />
		<Unit filename="data/worlds/game.world" />
		<Unit filename="main.cpp" />
		<Extensions>
			<code_completion />
			<debugger />
		</Extensions>
	</Project>
</CodeBlocks_project_file>
